
Microsoft Visual Studio Solution File, Format Version 12.00
# Visual Studio Version 16
VisualStudioVersion = 16.0.30517.126
MinimumVisualStudioVersion = 10.0.40219.1
Project("{FAE04EC0-301F-11D3-BF4B-00C04F79EFBC}") = "ServerConfigMtk-P2-014", "ServerConfigMtk-P2-014\ServerConfigMtk-P2-014.csproj", "{912D2EDA-FA53-4939-8094-73BC8756B9C3}"
EndProject
Global
	GlobalSection(SolutionConfigurationPlatforms) = preSolution
		Debug|Any CPU = Debug|Any CPU
		Release|Any CPU = Release|Any CPU
	EndGlobalSection
	GlobalSection(ProjectConfigurationPlatforms) = postSolution
		{912D2EDA-FA53-4939-8094-73BC8756B9C3}.Debug|Any CPU.ActiveCfg = Debug|Any CPU
		{912D2EDA-FA53-4939-8094-73BC8756B9C3}.Debug|Any CPU.Build.0 = Debug|Any CPU
		{912D2EDA-FA53-4939-8094-73BC8756B9C3}.Release|Any CPU.ActiveCfg = Release|Any CPU
		{912D2EDA-FA53-4939-8094-73BC8756B9C3}.Release|Any CPU.Build.0 = Release|Any CPU
	EndGlobalSection
	GlobalSection(SolutionProperties) = preSolution
		HideSolutionNode = FALSE
	EndGlobalSection
	GlobalSection(ExtensibilityGlobals) = postSolution
		SolutionGuid = {103E2985-F627-4007-99A8-33C12F8E8E38}
	EndGlobalSection
EndGlobal
